
Microsoft Visual Studio Solution File, Format Version 12.00
# Visual Studio 2013
VisualStudioVersion = 12.0.21005.1
MinimumVisualStudioVersion = 10.0.40219.1
Project("{8BC9CEB8-8B4A-11D0-8D11-00A0C91BC942}") = "子集Ⅱ", "子集Ⅱ\子集Ⅱ.vcxproj", "{6EEC7A0B-D7AD-4F45-9F87-680EAA0C86BF}"
EndProject
Global
	GlobalSection(SolutionConfigurationPlatforms) = preSolution
		Debug|Win32 = Debug|Win32
		Release|Win32 = Release|Win32
	EndGlobalSection
	GlobalSection(ProjectConfigurationPlatforms) = postSolution
		{6EEC7A0B-D7AD-4F45-9F87-680EAA0C86BF}.Debug|Win32.ActiveCfg = Debug|Win32
		{6EEC7A0B-D7AD-4F45-9F87-680EAA0C86BF}.Debug|Win32.Build.0 = Debug|Win32
		{6EEC7A0B-D7AD-4F45-9F87-680EAA0C86BF}.Release|Win32.ActiveCfg = Release|Win32
		{6EEC7A0B-D7AD-4F45-9F87-680EAA0C86BF}.Release|Win32.Build.0 = Release|Win32
	EndGlobalSection
	GlobalSection(SolutionProperties) = preSolution
		HideSolutionNode = FALSE
	EndGlobalSection
EndGlobal
